
Microsoft Visual Studio Solution File, Format Version 12.00
# Visual Studio 15
VisualStudioVersion = 15.0.28010.2050
MinimumVisualStudioVersion = 10.0.40219.1
Project("{FAE04EC0-301F-11D3-BF4B-00C04F79EFBC}") = "METOfficeSystem", "METOfficeSystem\METOfficeSystem.csproj", "{F478B5AF-9F01-4B5F-8F70-21B5F60A4357}"
EndProject
Global
	GlobalSection(SolutionConfigurationPlatforms) = preSolution
		Debug|Any CPU = Debug|Any CPU
		Release|Any CPU = Release|Any CPU
	EndGlobalSection
	GlobalSection(ProjectConfigurationPlatforms) = postSolution
		{F478B5AF-9F01-4B5F-8F70-21B5F60A4357}.Debug|Any CPU.ActiveCfg = Debug|Any CPU
		{F478B5AF-9F01-4B5F-8F70-21B5F60A4357}.Debug|Any CPU.Build.0 = Debug|Any CPU
		{F478B5AF-9F01-4B5F-8F70-21B5F60A4357}.Release|Any CPU.ActiveCfg = Release|Any CPU
		{F478B5AF-9F01-4B5F-8F70-21B5F60A4357}.Release|Any CPU.Build.0 = Release|Any CPU
	EndGlobalSection
	GlobalSection(SolutionProperties) = preSolution
		HideSolutionNode = FALSE
	EndGlobalSection
	GlobalSection(ExtensibilityGlobals) = postSolution
		SolutionGuid = {495B1106-B55B-4A5B-9734-B3B7F96CEA74}
	EndGlobalSection
EndGlobal
